
Microsoft Visual Studio Solution File, Format Version 12.00
# Visual Studio Version 16
VisualStudioVersion = 16.0.31624.102
MinimumVisualStudioVersion = 10.0.40219.1
Project("{FAE04EC0-301F-11D3-BF4B-00C04F79EFBC}") = "Testing Grounds", "Testing Grounds\Testing Grounds.csproj", "{95EC4D25-A019-4EC4-9C9F-2DAD82F830D1}"
EndProject
Project("{FAE04EC0-301F-11D3-BF4B-00C04F79EFBC}") = "Joonaxii.IO", "Joonaxii.IO\Joonaxii.IO.csproj", "{5BCC1979-54D1-4C35-B402-9520C1734766}"
EndProject
Project("{FAE04EC0-301F-11D3-BF4B-00C04F79EFBC}") = "Joonaxii.Debugging", "Joonaxii.Debugging\Joonaxii.Debugging.csproj", "{17AD5D61-4E53-4F6B-81CA-6C206631AFD0}"
EndProject
Project("{FAE04EC0-301F-11D3-BF4B-00C04F79EFBC}") = "Joonaxii.Collections", "Joonaxii.Collections\Joonaxii.Collections.csproj", "{68986E7F-1281-485B-941E-FB1D69CC8427}"
EndProject
Project("{FAE04EC0-301F-11D3-BF4B-00C04F79EFBC}") = "Joonaxii.Pooling", "Joonaxii.Pooling\Joonaxii.Pooling.csproj", "{5D936D6E-23EC-4234-BEB3-EBBA8D7E04E8}"
EndProject
Project("{FAE04EC0-301F-11D3-BF4B-00C04F79EFBC}") = "Joonaxii.Text.Compression", "Joonaxii.Text.Compression\Joonaxii.Text.Compression.csproj", "{AFE98590-27F0-4467-80CB-F00C87DC239A}"
EndProject
Project("{FAE04EC0-301F-11D3-BF4B-00C04F79EFBC}") = "Joonaxii.Steganography", "Joonaxii.Steganography\Joonaxii.Steganography.csproj", "{A4C3E950-D79B-4740-8F1B-558D66856C9E}"
EndProject
Project("{FAE04EC0-301F-11D3-BF4B-00C04F79EFBC}") = "Joonaxii.MathJX", "Joonaxii.MathJX\Joonaxii.MathJX.csproj", "{0A47274A-B72F-4601-B3F1-BEAB27216BED}"
EndProject
Project("{FAE04EC0-301F-11D3-BF4B-00C04F79EFBC}") = "Joonaxii.Data.Compression", "Joonaxii.Data.Compression\Joonaxii.Data.Compression.csproj", "{228B01CC-0F58-424F-AF82-06FDF122F401}"
EndProject
Project("{FAE04EC0-301F-11D3-BF4B-00C04F79EFBC}") = "Joonaxii.Image", "Joonaxii.Image\Joonaxii.Image.csproj", "{3474A9E6-E0BD-4D39-AAD1-795198DD4692}"
EndProject
Project("{FAE04EC0-301F-11D3-BF4B-00C04F79EFBC}") = "Joonaxii.Data", "Joonaxii.Data\Joonaxii.Data.csproj", "{B74DB02E-ED4D-4FD2-9011-8262F560DB59}"
EndProject
Project("{FAE04EC0-301F-11D3-BF4B-00C04F79EFBC}") = "Joonaxii.Image.Processing.Dithering", "Joonaxii.Image.Processing.Dithering\Joonaxii.Image.Processing.Dithering.csproj", "{D469DFD4-A6BC-45E2-A3BB-D98BD6F09FCF}"
EndProject
Project("{FAE04EC0-301F-11D3-BF4B-00C04F79EFBC}") = "Joonaxii.Audio", "Joonaxii.Audio\Joonaxii.Audio.csproj", "{DE097E2B-9D86-4739-B336-C126B215A755}"
EndProject
Project("{FAE04EC0-301F-11D3-BF4B-00C04F79EFBC}") = "Joonaxii.Radio", "Joonaxii.Radio\Joonaxii.Radio.csproj", "{7804E00C-F07B-4F36-94F7-DC41A52AC21A}"
EndProject
Project("{FAE04EC0-301F-11D3-BF4B-00C04F79EFBC}") = "Joonaxii.Data.Coding", "Joonaxii.Data.Coding\Joonaxii.Data.Coding.csproj", "{9518E812-F5CE-4A8A-BFDC-1E850FEB6845}"
EndProject
Project("{FAE04EC0-301F-11D3-BF4B-00C04F79EFBC}") = "Joonaxii.Image.Codecs", "Joonaxii.Image.Codecs\Joonaxii.Image.Codecs.csproj", "{AEBFEDB7-0836-4E95-B9C9-13E9DFED9507}"
EndProject
Project("{FAE04EC0-301F-11D3-BF4B-00C04F79EFBC}") = "Joonaxii.Image.Codecs.GIF", "Joonaxii.Image.Codecs.GIF\Joonaxii.Image.Codecs.GIF.csproj", "{339D00BC-0FE4-47D6-8F60-E255F7E8BF3F}"
EndProject
Project("{2150E333-8FDC-42A3-9474-1A3956D46DE8}") = "Image", "Image", "{1C22D2E4-F949-4506-90C5-AD532A495917}"
EndProject
Project("{2150E333-8FDC-42A3-9474-1A3956D46DE8}") = "Data", "Data", "{1465D7EA-97AC-406F-A2EF-B749575BAD23}"
EndProject
Project("{2150E333-8FDC-42A3-9474-1A3956D46DE8}") = "Specific", "Specific", "{C824B5C6-786E-4078-9230-6A3E6B3F16CC}"
EndProject
Project("{FAE04EC0-301F-11D3-BF4B-00C04F79EFBC}") = "Joonaxii.Image.Codecs.Default", "Joonaxii.Image.Codecs.Default\Joonaxii.Image.Codecs.Default.csproj", "{822FDFE8-E6DC-4CFD-BB19-C5688E3CB953}"
EndProject
Project("{FAE04EC0-301F-11D3-BF4B-00C04F79EFBC}") = "Joonaxii.Image.Codecs.BMP", "Joonaxii.Image.Codecs.BMP\Joonaxii.Image.Codecs.BMP.csproj", "{54727EC0-FD00-4C9F-9C2A-4E65A02BE211}"
EndProject
Project("{FAE04EC0-301F-11D3-BF4B-00C04F79EFBC}") = "Joonaxii.Image.Codecs.Raw", "Joonaxii.Image.Codecs.Raw\Joonaxii.Image.Codecs.Raw.csproj", "{C692A977-3C93-4F62-BF7F-4D9DCFCCA578}"
EndProject
Project("{FAE04EC0-301F-11D3-BF4B-00C04F79EFBC}") = "Joonaxii.Image.Codecs.PNG", "Joonaxii.Image.Codecs.PNG\Joonaxii.Image.Codecs.PNG.csproj", "{E274AB19-D9BF-4819-AAF3-0999533CAB1B}"
EndProject
Project("{FAE04EC0-301F-11D3-BF4B-00C04F79EFBC}") = "Joonaxii.Image.Processing", "Joonaxii.Image.Processing\Joonaxii.Image.Processing.csproj", "{5C45FEF5-470C-4696-B328-F884DACE518E}"
EndProject
Project("{FAE04EC0-301F-11D3-BF4B-00C04F79EFBC}") = "Joonaxii.Image.Codecs.JPEG", "Joonaxii.Image.Codecs.JPEG\Joonaxii.Image.Codecs.JPEG.csproj", "{5E6106D9-9E94-4AEC-87B5-75BCB770C3CC}"
EndProject
Project("{FAE04EC0-301F-11D3-BF4B-00C04F79EFBC}") = "New.JPEG", "New.JPEG\New.JPEG.csproj", "{819032E2-7186-46D4-8EAF-9CE987F5AE7F}"
EndProject
Project("{FAE04EC0-301F-11D3-BF4B-00C04F79EFBC}") = "Joonaxii.Image.Codecs.DXT", "Joonaxii.Image.Codecs.DXT\Joonaxii.Image.Codecs.DXT.csproj", "{045C6AF8-1408-456D-BEB5-3C35E8E3740C}"
EndProject
Project("{FAE04EC0-301F-11D3-BF4B-00C04F79EFBC}") = "Joonaxii.Image.Packing", "Joonaxii.Image.Packing\Joonaxii.Image.Packing.csproj", "{BCA62F48-0629-45D5-BA55-3B249D9AF58D}"
EndProject
Project("{FAE04EC0-301F-11D3-BF4B-00C04F79EFBC}") = "Joonaxii.Image.Texturing", "Joonaxii.Image.Texturing\Joonaxii.Image.Texturing.csproj", "{8AA57CC5-4A7A-4789-8DB7-A73B98E76B71}"
EndProject
Project("{FAE04EC0-301F-11D3-BF4B-00C04F79EFBC}") = "Joonaxii.Image.Codecs.VTF", "Joonaxii.Image.Codecs.VTF\Joonaxii.Image.Codecs.VTF.csproj", "{E7EB5D06-0258-4598-8C01-F75B83F864F9}"
EndProject
Project("{FAE04EC0-301F-11D3-BF4B-00C04F79EFBC}") = "Joonaxii.Audio.Codecs.OGG", "Joonaxii.Audio.Codecs.OGG\Joonaxii.Audio.Codecs.OGG.csproj", "{8F6D344A-90C0-4891-B8C9-5BC270DBB226}"
EndProject
Project("{FAE04EC0-301F-11D3-BF4B-00C04F79EFBC}") = "Joonaxii.Audio.Codecs.WAV", "Joonaxii.Audio.Codecs.WAV\Joonaxii.Audio.Codecs.WAV.csproj", "{D94E7D13-0148-4991-B0EE-1CC9DE4414EA}"
EndProject
Project("{FAE04EC0-301F-11D3-BF4B-00C04F79EFBC}") = "Joonaxii.Audio.Generators", "Joonaxii.Audio.Generators\Joonaxii.Audio.Generators.csproj", "{1B2C2572-FAC5-49A3-8893-6B4593E61E68}"
EndProject
Project("{2150E333-8FDC-42A3-9474-1A3956D46DE8}") = "Audio", "Audio", "{A4631287-1BCA-4207-8D85-04DE6454EAA1}"
EndProject
Project("{FAE04EC0-301F-11D3-BF4B-00C04F79EFBC}") = "Joonaxii.IO.BitStream", "Joonaxii.IO.BitStream\Joonaxii.IO.BitStream.csproj", "{EAA2508A-593C-4FB6-8397-062DA33EE217}"
EndProject
Global
	GlobalSection(SolutionConfigurationPlatforms) = preSolution
		Debug|Any CPU = Debug|Any CPU
		Debug|x64 = Debug|x64
		Debug|x86 = Debug|x86
		Release|Any CPU = Release|Any CPU
		Release|x64 = Release|x64
		Release|x86 = Release|x86
	EndGlobalSection
	GlobalSection(ProjectConfigurationPlatforms) = postSolution
		{95EC4D25-A019-4EC4-9C9F-2DAD82F830D1}.Debug|Any CPU.ActiveCfg = Debug|Any CPU
		{95EC4D25-A019-4EC4-9C9F-2DAD82F830D1}.Debug|Any CPU.Build.0 = Debug|Any CPU
		{95EC4D25-A019-4EC4-9C9F-2DAD82F830D1}.Debug|x64.ActiveCfg = Debug|x64
		{95EC4D25-A019-4EC4-9C9F-2DAD82F830D1}.Debug|x64.Build.0 = Debug|x64
		{95EC4D25-A019-4EC4-9C9F-2DAD82F830D1}.Debug|x86.ActiveCfg = Debug|x86
		{95EC4D25-A019-4EC4-9C9F-2DAD82F830D1}.Debug|x86.Build.0 = Debug|x86
		{95EC4D25-A019-4EC4-9C9F-2DAD82F830D1}.Release|Any CPU.ActiveCfg = Release|Any CPU
		{95EC4D25-A019-4EC4-9C9F-2DAD82F830D1}.Release|Any CPU.Build.0 = Release|Any CPU
		{95EC4D25-A019-4EC4-9C9F-2DAD82F830D1}.Release|x64.ActiveCfg = Release|x64
		{95EC4D25-A019-4EC4-9C9F-2DAD82F830D1}.Release|x64.Build.0 = Release|x64
		{95EC4D25-A019-4EC4-9C9F-2DAD82F830D1}.Release|x86.ActiveCfg = Release|x86
		{95EC4D25-A019-4EC4-9C9F-2DAD82F830D1}.Release|x86.Build.0 = Release|x86
		{5BCC1979-54D1-4C35-B402-9520C1734766}.Debug|Any CPU.ActiveCfg = Debug|Any CPU
		{5BCC1979-54D1-4C35-B402-9520C1734766}.Debug|Any CPU.Build.0 = Debug|Any CPU
		{5BCC1979-54D1-4C35-B402-9520C1734766}.Debug|x64.ActiveCfg = Debug|x64
		{5BCC1979-54D1-4C35-B402-9520C1734766}.Debug|x64.Build.0 = Debug|x64
		{5BCC1979-54D1-4C35-B402-9520C1734766}.Debug|x86.ActiveCfg = Debug|x86
		{5BCC1979-54D1-4C35-B402-9520C1734766}.Debug|x86.Build.0 = Debug|x86
		{5BCC1979-54D1-4C35-B402-9520C1734766}.Release|Any CPU.ActiveCfg = Release|Any CPU
		{5BCC1979-54D1-4C35-B402-9520C1734766}.Release|Any CPU.Build.0 = Release|Any CPU
		{5BCC1979-54D1-4C35-B402-9520C1734766}.Release|x64.ActiveCfg = Release|x64
		{5BCC1979-54D1-4C35-B402-9520C1734766}.Release|x64.Build.0 = Release|x64
		{5BCC1979-54D1-4C35-B402-9520C1734766}.Release|x86.ActiveCfg = Release|x86
		{5BCC1979-54D1-4C35-B402-9520C1734766}.Release|x86.Build.0 = Release|x86
		{17AD5D61-4E53-4F6B-81CA-6C206631AFD0}.Debug|Any CPU.ActiveCfg = Debug|Any CPU
		{17AD5D61-4E53-4F6B-81CA-6C206631AFD0}.Debug|Any CPU.Build.0 = Debug|Any CPU
		{17AD5D61-4E53-4F6B-81CA-6C206631AFD0}.Debug|x64.ActiveCfg = Debug|x64
		{17AD5D61-4E53-4F6B-81CA-6C206631AFD0}.Debug|x64.Build.0 = Debug|x64
		{17AD5D61-4E53-4F6B-81CA-6C206631AFD0}.Debug|x86.ActiveCfg = Debug|x86
		{17AD5D61-4E53-4F6B-81CA-6C206631AFD0}.Debug|x86.Build.0 = Debug|x86
		{17AD5D61-4E53-4F6B-81CA-6C206631AFD0}.Release|Any CPU.ActiveCfg = Release|Any CPU
		{17AD5D61-4E53-4F6B-81CA-6C206631AFD0}.Release|Any CPU.Build.0 = Release|Any CPU
		{17AD5D61-4E53-4F6B-81CA-6C206631AFD0}.Release|x64.ActiveCfg = Release|x64
		{17AD5D61-4E53-4F6B-81CA-6C206631AFD0}.Release|x64.Build.0 = Release|x64
		{17AD5D61-4E53-4F6B-81CA-6C206631AFD0}.Release|x86.ActiveCfg = Release|x86
		{17AD5D61-4E53-4F6B-81CA-6C206631AFD0}.Release|x86.Build.0 = Release|x86
		{68986E7F-1281-485B-941E-FB1D69CC8427}.Debug|Any CPU.ActiveCfg = Debug|Any CPU
		{68986E7F-1281-485B-941E-FB1D69CC8427}.Debug|Any CPU.Build.0 = Debug|Any CPU
		{68986E7F-1281-485B-941E-FB1D69CC8427}.Debug|x64.ActiveCfg = Debug|x64
		{68986E7F-1281-485B-941E-FB1D69CC8427}.Debug|x64.Build.0 = Debug|x64
		{68986E7F-1281-485B-941E-FB1D69CC8427}.Debug|x86.ActiveCfg = Debug|x86
		{68986E7F-1281-485B-941E-FB1D69CC8427}.Debug|x86.Build.0 = Debug|x86
		{68986E7F-1281-485B-941E-FB1D69CC8427}.Release|Any CPU.ActiveCfg = Release|Any CPU
		{68986E7F-1281-485B-941E-FB1D69CC8427}.Release|Any CPU.Build.0 = Release|Any CPU
		{68986E7F-1281-485B-941E-FB1D69CC8427}.Release|x64.ActiveCfg = Release|x64
		{68986E7F-1281-485B-941E-FB1D69CC8427}.Release|x64.Build.0 = Release|x64
		{68986E7F-1281-485B-941E-FB1D69CC8427}.Release|x86.ActiveCfg = Release|x86
		{68986E7F-1281-485B-941E-FB1D69CC8427}.Release|x86.Build.0 = Release|x86
		{5D936D6E-23EC-4234-BEB3-EBBA8D7E04E8}.Debug|Any CPU.ActiveCfg = Debug|Any CPU
		{5D936D6E-23EC-4234-BEB3-EBBA8D7E04E8}.Debug|Any CPU.Build.0 = Debug|Any CPU
		{5D936D6E-23EC-4234-BEB3-EBBA8D7E04E8}.Debug|x64.ActiveCfg = Debug|x64
		{5D936D6E-23EC-4234-BEB3-EBBA8D7E04E8}.Debug|x64.Build.0 = Debug|x64
		{5D936D6E-23EC-4234-BEB3-EBBA8D7E04E8}.Debug|x86.ActiveCfg = Debug|x86
		{5D936D6E-23EC-4234-BEB3-EBBA8D7E04E8}.Debug|x86.Build.0 = Debug|x86
		{5D936D6E-23EC-4234-BEB3-EBBA8D7E04E8}.Release|Any CPU.ActiveCfg = Release|Any CPU
		{5D936D6E-23EC-4234-BEB3-EBBA8D7E04E8}.Release|Any CPU.Build.0 = Release|Any CPU
		{5D936D6E-23EC-4234-BEB3-EBBA8D7E04E8}.Release|x64.ActiveCfg = Release|x64
		{5D936D6E-23EC-4234-BEB3-EBBA8D7E04E8}.Release|x64.Build.0 = Release|x64
		{5D936D6E-23EC-4234-BEB3-EBBA8D7E04E8}.Release|x86.ActiveCfg = Release|x86
		{5D936D6E-23EC-4234-BEB3-EBBA8D7E04E8}.Release|x86.Build.0 = Release|x86
		{AFE98590-27F0-4467-80CB-F00C87DC239A}.Debug|Any CPU.ActiveCfg = Debug|Any CPU
		{AFE98590-27F0-4467-80CB-F00C87DC239A}.Debug|Any CPU.Build.0 = Debug|Any CPU
		{AFE98590-27F0-4467-80CB-F00C87DC239A}.Debug|x64.ActiveCfg = Debug|x64
		{AFE98590-27F0-4467-80CB-F00C87DC239A}.Debug|x64.Build.0 = Debug|x64
		{AFE98590-27F0-4467-80CB-F00C87DC239A}.Debug|x86.ActiveCfg = Debug|x86
		{AFE98590-27F0-4467-80CB-F00C87DC239A}.Debug|x86.Build.0 = Debug|x86
		{AFE98590-27F0-4467-80CB-F00C87DC239A}.Release|Any CPU.ActiveCfg = Release|Any CPU
		{AFE98590-27F0-4467-80CB-F00C87DC239A}.Release|Any CPU.Build.0 = Release|Any CPU
		{AFE98590-27F0-4467-80CB-F00C87DC239A}.Release|x64.ActiveCfg = Release|x64
		{AFE98590-27F0-4467-80CB-F00C87DC239A}.Release|x64.Build.0 = Release|x64
		{AFE98590-27F0-4467-80CB-F00C87DC239A}.Release|x86.ActiveCfg = Release|x86
		{AFE98590-27F0-4467-80CB-F00C87DC239A}.Release|x86.Build.0 = Release|x86
		{A4C3E950-D79B-4740-8F1B-558D66856C9E}.Debug|Any CPU.ActiveCfg = Debug|Any CPU
		{A4C3E950-D79B-4740-8F1B-558D66856C9E}.Debug|Any CPU.Build.0 = Debug|Any CPU
		{A4C3E950-D79B-4740-8F1B-558D66856C9E}.Debug|x64.ActiveCfg = Debug|x64
		{A4C3E950-D79B-4740-8F1B-558D66856C9E}.Debug|x64.Build.0 = Debug|x64
		{A4C3E950-D79B-4740-8F1B-558D66856C9E}.Debug|x86.ActiveCfg = Debug|x86
		{A4C3E950-D79B-4740-8F1B-558D66856C9E}.Debug|x86.Build.0 = Debug|x86
		{A4C3E950-D79B-4740-8F1B-558D66856C9E}.Release|Any CPU.ActiveCfg = Release|Any CPU
		{A4C3E950-D79B-4740-8F1B-558D66856C9E}.Release|Any CPU.Build.0 = Release|Any CPU
		{A4C3E950-D79B-4740-8F1B-558D66856C9E}.Release|x64.ActiveCfg = Release|x64
		{A4C3E950-D79B-4740-8F1B-558D66856C9E}.Release|x64.Build.0 = Release|x64
		{A4C3E950-D79B-4740-8F1B-558D66856C9E}.Release|x86.ActiveCfg = Release|x86
		{A4C3E950-D79B-4740-8F1B-558D66856C9E}.Release|x86.Build.0 = Release|x86
		{0A47274A-B72F-4601-B3F1-BEAB27216BED}.Debug|Any CPU.ActiveCfg = Debug|Any CPU
		{0A47274A-B72F-4601-B3F1-BEAB27216BED}.Debug|Any CPU.Build.0 = Debug|Any CPU
		{0A47274A-B72F-4601-B3F1-BEAB27216BED}.Debug|x64.ActiveCfg = Debug|x64
		{0A47274A-B72F-4601-B3F1-BEAB27216BED}.Debug|x64.Build.0 = Debug|x64
		{0A47274A-B72F-4601-B3F1-BEAB27216BED}.Debug|x86.ActiveCfg = Debug|x86
		{0A47274A-B72F-4601-B3F1-BEAB27216BED}.Debug|x86.Build.0 = Debug|x86
		{0A47274A-B72F-4601-B3F1-BEAB27216BED}.Release|Any CPU.ActiveCfg = Release|Any CPU
		{0A47274A-B72F-4601-B3F1-BEAB27216BED}.Release|Any CPU.Build.0 = Release|Any CPU
		{0A47274A-B72F-4601-B3F1-BEAB27216BED}.Release|x64.ActiveCfg = Release|x64
		{0A47274A-B72F-4601-B3F1-BEAB27216BED}.Release|x64.Build.0 = Release|x64
		{0A47274A-B72F-4601-B3F1-BEAB27216BED}.Release|x86.ActiveCfg = Release|x86
		{0A47274A-B72F-4601-B3F1-BEAB27216BED}.Release|x86.Build.0 = Release|x86
		{228B01CC-0F58-424F-AF82-06FDF122F401}.Debug|Any CPU.ActiveCfg = Debug|Any CPU
		{228B01CC-0F58-424F-AF82-06FDF122F401}.Debug|Any CPU.Build.0 = Debug|Any CPU
		{228B01CC-0F58-424F-AF82-06FDF122F401}.Debug|x64.ActiveCfg = Debug|x64
		{228B01CC-0F58-424F-AF82-06FDF122F401}.Debug|x64.Build.0 = Debug|x64
		{228B01CC-0F58-424F-AF82-06FDF122F401}.Debug|x86.ActiveCfg = Debug|x86
		{228B01CC-0F58-424F-AF82-06FDF122F401}.Debug|x86.Build.0 = Debug|x86
		{228B01CC-0F58-424F-AF82-06FDF122F401}.Release|Any CPU.ActiveCfg = Release|Any CPU
		{228B01CC-0F58-424F-AF82-06FDF122F401}.Release|Any CPU.Build.0 = Release|Any CPU
		{228B01CC-0F58-424F-AF82-06FDF122F401}.Release|x64.ActiveCfg = Release|x64
		{228B01CC-0F58-424F-AF82-06FDF122F401}.Release|x64.Build.0 = Release|x64
		{228B01CC-0F58-424F-AF82-06FDF122F401}.Release|x86.ActiveCfg = Release|x86
		{228B01CC-0F58-424F-AF82-06FDF122F401}.Release|x86.Build.0 = Release|x86
		{3474A9E6-E0BD-4D39-AAD1-795198DD4692}.Debug|Any CPU.ActiveCfg = Debug|Any CPU
		{3474A9E6-E0BD-4D39-AAD1-795198DD4692}.Debug|Any CPU.Build.0 = Debug|Any CPU
		{3474A9E6-E0BD-4D39-AAD1-795198DD4692}.Debug|x64.ActiveCfg = Debug|x64
		{3474A9E6-E0BD-4D39-AAD1-795198DD4692}.Debug|x64.Build.0 = Debug|x64
		{3474A9E6-E0BD-4D39-AAD1-795198DD4692}.Debug|x86.ActiveCfg = Debug|Any CPU
		{3474A9E6-E0BD-4D39-AAD1-795198DD4692}.Debug|x86.Build.0 = Debug|Any CPU
		{3474A9E6-E0BD-4D39-AAD1-795198DD4692}.Release|Any CPU.ActiveCfg = Release|Any CPU
		{3474A9E6-E0BD-4D39-AAD1-795198DD4692}.Release|Any CPU.Build.0 = Release|Any CPU
		{3474A9E6-E0BD-4D39-AAD1-795198DD4692}.Release|x64.ActiveCfg = Release|x64
		{3474A9E6-E0BD-4D39-AAD1-795198DD4692}.Release|x64.Build.0 = Release|x64
		{3474A9E6-E0BD-4D39-AAD1-795198DD4692}.Release|x86.ActiveCfg = Release|Any CPU
		{3474A9E6-E0BD-4D39-AAD1-795198DD4692}.Release|x86.Build.0 = Release|Any CPU
		{B74DB02E-ED4D-4FD2-9011-8262F560DB59}.Debug|Any CPU.ActiveCfg = Debug|Any CPU
		{B74DB02E-ED4D-4FD2-9011-8262F560DB59}.Debug|Any CPU.Build.0 = Debug|Any CPU
		{B74DB02E-ED4D-4FD2-9011-8262F560DB59}.Debug|x64.ActiveCfg = Debug|x64
		{B74DB02E-ED4D-4FD2-9011-8262F560DB59}.Debug|x64.Build.0 = Debug|x64
		{B74DB02E-ED4D-4FD2-9011-8262F560DB59}.Debug|x86.ActiveCfg = Debug|Any CPU
		{B74DB02E-ED4D-4FD2-9011-8262F560DB59}.Debug|x86.Build.0 = Debug|Any CPU
		{B74DB02E-ED4D-4FD2-9011-8262F560DB59}.Release|Any CPU.ActiveCfg = Release|Any CPU
		{B74DB02E-ED4D-4FD2-9011-8262F560DB59}.Release|Any CPU.Build.0 = Release|Any CPU
		{B74DB02E-ED4D-4FD2-9011-8262F560DB59}.Release|x64.ActiveCfg = Release|x64
		{B74DB02E-ED4D-4FD2-9011-8262F560DB59}.Release|x64.Build.0 = Release|x64
		{B74DB02E-ED4D-4FD2-9011-8262F560DB59}.Release|x86.ActiveCfg = Release|Any CPU
		{B74DB02E-ED4D-4FD2-9011-8262F560DB59}.Release|x86.Build.0 = Release|Any CPU
		{D469DFD4-A6BC-45E2-A3BB-D98BD6F09FCF}.Debug|Any CPU.ActiveCfg = Debug|Any CPU
		{D469DFD4-A6BC-45E2-A3BB-D98BD6F09FCF}.Debug|Any CPU.Build.0 = Debug|Any CPU
		{D469DFD4-A6BC-45E2-A3BB-D98BD6F09FCF}.Debug|x64.ActiveCfg = Debug|x64
		{D469DFD4-A6BC-45E2-A3BB-D98BD6F09FCF}.Debug|x64.Build.0 = Debug|x64
		{D469DFD4-A6BC-45E2-A3BB-D98BD6F09FCF}.Debug|x86.ActiveCfg = Debug|Any CPU
		{D469DFD4-A6BC-45E2-A3BB-D98BD6F09FCF}.Debug|x86.Build.0 = Debug|Any CPU
		{D469DFD4-A6BC-45E2-A3BB-D98BD6F09FCF}.Release|Any CPU.ActiveCfg = Release|Any CPU
		{D469DFD4-A6BC-45E2-A3BB-D98BD6F09FCF}.Release|Any CPU.Build.0 = Release|Any CPU
		{D469DFD4-A6BC-45E2-A3BB-D98BD6F09FCF}.Release|x64.ActiveCfg = Release|x64
		{D469DFD4-A6BC-45E2-A3BB-D98BD6F09FCF}.Release|x64.Build.0 = Release|x64
		{D469DFD4-A6BC-45E2-A3BB-D98BD6F09FCF}.Release|x86.ActiveCfg = Release|Any CPU
		{D469DFD4-A6BC-45E2-A3BB-D98BD6F09FCF}.Release|x86.Build.0 = Release|Any CPU
		{DE097E2B-9D86-4739-B336-C126B215A755}.Debug|Any CPU.ActiveCfg = Debug|Any CPU
		{DE097E2B-9D86-4739-B336-C126B215A755}.Debug|Any CPU.Build.0 = Debug|Any CPU
		{DE097E2B-9D86-4739-B336-C126B215A755}.Debug|x64.ActiveCfg = Debug|x64
		{DE097E2B-9D86-4739-B336-C126B215A755}.Debug|x64.Build.0 = Debug|x64
		{DE097E2B-9D86-4739-B336-C126B215A755}.Debug|x86.ActiveCfg = Debug|Any CPU
		{DE097E2B-9D86-4739-B336-C126B215A755}.Debug|x86.Build.0 = Debug|Any CPU
		{DE097E2B-9D86-4739-B336-C126B215A755}.Release|Any CPU.ActiveCfg = Release|Any CPU
		{DE097E2B-9D86-4739-B336-C126B215A755}.Release|Any CPU.Build.0 = Release|Any CPU
		{DE097E2B-9D86-4739-B336-C126B215A755}.Release|x64.ActiveCfg = Release|x64
		{DE097E2B-9D86-4739-B336-C126B215A755}.Release|x64.Build.0 = Release|x64
		{DE097E2B-9D86-4739-B336-C126B215A755}.Release|x86.ActiveCfg = Release|Any CPU
		{DE097E2B-9D86-4739-B336-C126B215A755}.Release|x86.Build.0 = Release|Any CPU
		{7804E00C-F07B-4F36-94F7-DC41A52AC21A}.Debug|Any CPU.ActiveCfg = Debug|Any CPU
		{7804E00C-F07B-4F36-94F7-DC41A52AC21A}.Debug|Any CPU.Build.0 = Debug|Any CPU
		{7804E00C-F07B-4F36-94F7-DC41A52AC21A}.Debug|x64.ActiveCfg = Debug|x64
		{7804E00C-F07B-4F36-94F7-DC41A52AC21A}.Debug|x64.Build.0 = Debug|x64
		{7804E00C-F07B-4F36-94F7-DC41A52AC21A}.Debug|x86.ActiveCfg = Debug|Any CPU
		{7804E00C-F07B-4F36-94F7-DC41A52AC21A}.Debug|x86.Build.0 = Debug|Any CPU
		{7804E00C-F07B-4F36-94F7-DC41A52AC21A}.Release|Any CPU.ActiveCfg = Release|Any CPU
		{7804E00C-F07B-4F36-94F7-DC41A52AC21A}.Release|Any CPU.Build.0 = Release|Any CPU
		{7804E00C-F07B-4F36-94F7-DC41A52AC21A}.Release|x64.ActiveCfg = Release|x64
		{7804E00C-F07B-4F36-94F7-DC41A52AC21A}.Release|x64.Build.0 = Release|x64
		{7804E00C-F07B-4F36-94F7-DC41A52AC21A}.Release|x86.ActiveCfg = Release|Any CPU
		{7804E00C-F07B-4F36-94F7-DC41A52AC21A}.Release|x86.Build.0 = Release|Any CPU
		{9518E812-F5CE-4A8A-BFDC-1E850FEB6845}.Debug|Any CPU.ActiveCfg = Debug|Any CPU
		{9518E812-F5CE-4A8A-BFDC-1E850FEB6845}.Debug|Any CPU.Build.0 = Debug|Any CPU
		{9518E812-F5CE-4A8A-BFDC-1E850FEB6845}.Debug|x64.ActiveCfg = Debug|x64
		{9518E812-F5CE-4A8A-BFDC-1E850FEB6845}.Debug|x64.Build.0 = Debug|x64
		{9518E812-F5CE-4A8A-BFDC-1E850FEB6845}.Debug|x86.ActiveCfg = Debug|Any CPU
		{9518E812-F5CE-4A8A-BFDC-1E850FEB6845}.Debug|x86.Build.0 = Debug|Any CPU
		{9518E812-F5CE-4A8A-BFDC-1E850FEB6845}.Release|Any CPU.ActiveCfg = Release|Any CPU
		{9518E812-F5CE-4A8A-BFDC-1E850FEB6845}.Release|Any CPU.Build.0 = Release|Any CPU
		{9518E812-F5CE-4A8A-BFDC-1E850FEB6845}.Release|x64.ActiveCfg = Release|x64
		{9518E812-F5CE-4A8A-BFDC-1E850FEB6845}.Release|x64.Build.0 = Release|x64
		{9518E812-F5CE-4A8A-BFDC-1E850FEB6845}.Release|x86.ActiveCfg = Release|Any CPU
		{9518E812-F5CE-4A8A-BFDC-1E850FEB6845}.Release|x86.Build.0 = Release|Any CPU
		{AEBFEDB7-0836-4E95-B9C9-13E9DFED9507}.Debug|Any CPU.ActiveCfg = Debug|Any CPU
		{AEBFEDB7-0836-4E95-B9C9-13E9DFED9507}.Debug|Any CPU.Build.0 = Debug|Any CPU
		{AEBFEDB7-0836-4E95-B9C9-13E9DFED9507}.Debug|x64.ActiveCfg = Debug|x64
		{AEBFEDB7-0836-4E95-B9C9-13E9DFED9507}.Debug|x64.Build.0 = Debug|x64
		{AEBFEDB7-0836-4E95-B9C9-13E9DFED9507}.Debug|x86.ActiveCfg = Debug|Any CPU
		{AEBFEDB7-0836-4E95-B9C9-13E9DFED9507}.Debug|x86.Build.0 = Debug|Any CPU
		{AEBFEDB7-0836-4E95-B9C9-13E9DFED9507}.Release|Any CPU.ActiveCfg = Release|Any CPU
		{AEBFEDB7-0836-4E95-B9C9-13E9DFED9507}.Release|Any CPU.Build.0 = Release|Any CPU
		{AEBFEDB7-0836-4E95-B9C9-13E9DFED9507}.Release|x64.ActiveCfg = Release|x64
		{AEBFEDB7-0836-4E95-B9C9-13E9DFED9507}.Release|x64.Build.0 = Release|x64
		{AEBFEDB7-0836-4E95-B9C9-13E9DFED9507}.Release|x86.ActiveCfg = Release|Any CPU
		{AEBFEDB7-0836-4E95-B9C9-13E9DFED9507}.Release|x86.Build.0 = Release|Any CPU
		{339D00BC-0FE4-47D6-8F60-E255F7E8BF3F}.Debug|Any CPU.ActiveCfg = Debug|Any CPU
		{339D00BC-0FE4-47D6-8F60-E255F7E8BF3F}.Debug|Any CPU.Build.0 = Debug|Any CPU
		{339D00BC-0FE4-47D6-8F60-E255F7E8BF3F}.Debug|x64.ActiveCfg = Debug|x64
		{339D00BC-0FE4-47D6-8F60-E255F7E8BF3F}.Debug|x64.Build.0 = Debug|x64
		{339D00BC-0FE4-47D6-8F60-E255F7E8BF3F}.Debug|x86.ActiveCfg = Debug|Any CPU
		{339D00BC-0FE4-47D6-8F60-E255F7E8BF3F}.Debug|x86.Build.0 = Debug|Any CPU
		{339D00BC-0FE4-47D6-8F60-E255F7E8BF3F}.Release|Any CPU.ActiveCfg = Release|Any CPU
		{339D00BC-0FE4-47D6-8F60-E255F7E8BF3F}.Release|Any CPU.Build.0 = Release|Any CPU
		{339D00BC-0FE4-47D6-8F60-E255F7E8BF3F}.Release|x64.ActiveCfg = Release|x64
		{339D00BC-0FE4-47D6-8F60-E255F7E8BF3F}.Release|x64.Build.0 = Release|x64
		{339D00BC-0FE4-47D6-8F60-E255F7E8BF3F}.Release|x86.ActiveCfg = Release|Any CPU
		{339D00BC-0FE4-47D6-8F60-E255F7E8BF3F}.Release|x86.Build.0 = Release|Any CPU
		{822FDFE8-E6DC-4CFD-BB19-C5688E3CB953}.Debug|Any CPU.ActiveCfg = Debug|Any CPU
		{822FDFE8-E6DC-4CFD-BB19-C5688E3CB953}.Debug|Any CPU.Build.0 = Debug|Any CPU
		{822FDFE8-E6DC-4CFD-BB19-C5688E3CB953}.Debug|x64.ActiveCfg = Debug|x64
		{822FDFE8-E6DC-4CFD-BB19-C5688E3CB953}.Debug|x64.Build.0 = Debug|x64
		{822FDFE8-E6DC-4CFD-BB19-C5688E3CB953}.Debug|x86.ActiveCfg = Debug|Any CPU
		{822FDFE8-E6DC-4CFD-BB19-C5688E3CB953}.Debug|x86.Build.0 = Debug|Any CPU
		{822FDFE8-E6DC-4CFD-BB19-C5688E3CB953}.Release|Any CPU.ActiveCfg = Release|Any CPU
		{822FDFE8-E6DC-4CFD-BB19-C5688E3CB953}.Release|Any CPU.Build.0 = Release|Any CPU
		{822FDFE8-E6DC-4CFD-BB19-C5688E3CB953}.Release|x64.ActiveCfg = Release|x64
		{822FDFE8-E6DC-4CFD-BB19-C5688E3CB953}.Release|x64.Build.0 = Release|x64
		{822FDFE8-E6DC-4CFD-BB19-C5688E3CB953}.Release|x86.ActiveCfg = Release|Any CPU
		{822FDFE8-E6DC-4CFD-BB19-C5688E3CB953}.Release|x86.Build.0 = Release|Any CPU
		{54727EC0-FD00-4C9F-9C2A-4E65A02BE211}.Debug|Any CPU.ActiveCfg = Debug|Any CPU
		{54727EC0-FD00-4C9F-9C2A-4E65A02BE211}.Debug|Any CPU.Build.0 = Debug|Any CPU
		{54727EC0-FD00-4C9F-9C2A-4E65A02BE211}.Debug|x64.ActiveCfg = Debug|x64
		{54727EC0-FD00-4C9F-9C2A-4E65A02BE211}.Debug|x64.Build.0 = Debug|x64
		{54727EC0-FD00-4C9F-9C2A-4E65A02BE211}.Debug|x86.ActiveCfg = Debug|Any CPU
		{54727EC0-FD00-4C9F-9C2A-4E65A02BE211}.Debug|x86.Build.0 = Debug|Any CPU
		{54727EC0-FD00-4C9F-9C2A-4E65A02BE211}.Release|Any CPU.ActiveCfg = Release|Any CPU
		{54727EC0-FD00-4C9F-9C2A-4E65A02BE211}.Release|Any CPU.Build.0 = Release|Any CPU
		{54727EC0-FD00-4C9F-9C2A-4E65A02BE211}.Release|x64.ActiveCfg = Release|x64
		{54727EC0-FD00-4C9F-9C2A-4E65A02BE211}.Release|x64.Build.0 = Release|x64
		{54727EC0-FD00-4C9F-9C2A-4E65A02BE211}.Release|x86.ActiveCfg = Release|Any CPU
		{54727EC0-FD00-4C9F-9C2A-4E65A02BE211}.Release|x86.Build.0 = Release|Any CPU
		{C692A977-3C93-4F62-BF7F-4D9DCFCCA578}.Debug|Any CPU.ActiveCfg = Debug|Any CPU
		{C692A977-3C93-4F62-BF7F-4D9DCFCCA578}.Debug|Any CPU.Build.0 = Debug|Any CPU
		{C692A977-3C93-4F62-BF7F-4D9DCFCCA578}.Debug|x64.ActiveCfg = Debug|x64
		{C692A977-3C93-4F62-BF7F-4D9DCFCCA578}.Debug|x64.Build.0 = Debug|x64
		{C692A977-3C93-4F62-BF7F-4D9DCFCCA578}.Debug|x86.ActiveCfg = Debug|Any CPU
		{C692A977-3C93-4F62-BF7F-4D9DCFCCA578}.Debug|x86.Build.0 = Debug|Any CPU
		{C692A977-3C93-4F62-BF7F-4D9DCFCCA578}.Release|Any CPU.ActiveCfg = Release|Any CPU
		{C692A977-3C93-4F62-BF7F-4D9DCFCCA578}.Release|Any CPU.Build.0 = Release|Any CPU
		{C692A977-3C93-4F62-BF7F-4D9DCFCCA578}.Release|x64.ActiveCfg = Release|x64
		{C692A977-3C93-4F62-BF7F-4D9DCFCCA578}.Release|x64.Build.0 = Release|x64
		{C692A977-3C93-4F62-BF7F-4D9DCFCCA578}.Release|x86.ActiveCfg = Release|Any CPU
		{C692A977-3C93-4F62-BF7F-4D9DCFCCA578}.Release|x86.Build.0 = Release|Any CPU
		{E274AB19-D9BF-4819-AAF3-0999533CAB1B}.Debug|Any CPU.ActiveCfg = Debug|Any CPU
		{E274AB19-D9BF-4819-AAF3-0999533CAB1B}.Debug|Any CPU.Build.0 = Debug|Any CPU
		{E274AB19-D9BF-4819-AAF3-0999533CAB1B}.Debug|x64.ActiveCfg = Debug|x64
		{E274AB19-D9BF-4819-AAF3-0999533CAB1B}.Debug|x64.Build.0 = Debug|x64
		{E274AB19-D9BF-4819-AAF3-0999533CAB1B}.Debug|x86.ActiveCfg = Debug|Any CPU
		{E274AB19-D9BF-4819-AAF3-0999533CAB1B}.Debug|x86.Build.0 = Debug|Any CPU
		{E274AB19-D9BF-4819-AAF3-0999533CAB1B}.Release|Any CPU.ActiveCfg = Release|Any CPU
		{E274AB19-D9BF-4819-AAF3-0999533CAB1B}.Release|Any CPU.Build.0 = Release|Any CPU
		{E274AB19-D9BF-4819-AAF3-0999533CAB1B}.Release|x64.ActiveCfg = Release|x64
		{E274AB19-D9BF-4819-AAF3-0999533CAB1B}.Release|x64.Build.0 = Release|x64
		{E274AB19-D9BF-4819-AAF3-0999533CAB1B}.Release|x86.ActiveCfg = Release|Any CPU
		{E274AB19-D9BF-4819-AAF3-0999533CAB1B}.Release|x86.Build.0 = Release|Any CPU
		{5C45FEF5-470C-4696-B328-F884DACE518E}.Debug|Any CPU.ActiveCfg = Debug|Any CPU
		{5C45FEF5-470C-4696-B328-F884DACE518E}.Debug|Any CPU.Build.0 = Debug|Any CPU
		{5C45FEF5-470C-4696-B328-F884DACE518E}.Debug|x64.ActiveCfg = Debug|x64
		{5C45FEF5-470C-4696-B328-F884DACE518E}.Debug|x64.Build.0 = Debug|x64
		{5C45FEF5-470C-4696-B328-F884DACE518E}.Debug|x86.ActiveCfg = Debug|Any CPU
		{5C45FEF5-470C-4696-B328-F884DACE518E}.Debug|x86.Build.0 = Debug|Any CPU
		{5C45FEF5-470C-4696-B328-F884DACE518E}.Release|Any CPU.ActiveCfg = Release|Any CPU
		{5C45FEF5-470C-4696-B328-F884DACE518E}.Release|Any CPU.Build.0 = Release|Any CPU
		{5C45FEF5-470C-4696-B328-F884DACE518E}.Release|x64.ActiveCfg = Release|x64
		{5C45FEF5-470C-4696-B328-F884DACE518E}.Release|x64.Build.0 = Release|x64
		{5C45FEF5-470C-4696-B328-F884DACE518E}.Release|x86.ActiveCfg = Release|Any CPU
		{5C45FEF5-470C-4696-B328-F884DACE518E}.Release|x86.Build.0 = Release|Any CPU
		{5E6106D9-9E94-4AEC-87B5-75BCB770C3CC}.Debug|Any CPU.ActiveCfg = Debug|Any CPU
		{5E6106D9-9E94-4AEC-87B5-75BCB770C3CC}.Debug|Any CPU.Build.0 = Debug|Any CPU
		{5E6106D9-9E94-4AEC-87B5-75BCB770C3CC}.Debug|x64.ActiveCfg = Debug|x64
		{5E6106D9-9E94-4AEC-87B5-75BCB770C3CC}.Debug|x64.Build.0 = Debug|x64
		{5E6106D9-9E94-4AEC-87B5-75BCB770C3CC}.Debug|x86.ActiveCfg = Debug|Any CPU
		{5E6106D9-9E94-4AEC-87B5-75BCB770C3CC}.Debug|x86.Build.0 = Debug|Any CPU
		{5E6106D9-9E94-4AEC-87B5-75BCB770C3CC}.Release|Any CPU.ActiveCfg = Release|Any CPU
		{5E6106D9-9E94-4AEC-87B5-75BCB770C3CC}.Release|Any CPU.Build.0 = Release|Any CPU
		{5E6106D9-9E94-4AEC-87B5-75BCB770C3CC}.Release|x64.ActiveCfg = Release|x64
		{5E6106D9-9E94-4AEC-87B5-75BCB770C3CC}.Release|x64.Build.0 = Release|x64
		{5E6106D9-9E94-4AEC-87B5-75BCB770C3CC}.Release|x86.ActiveCfg = Release|Any CPU
		{5E6106D9-9E94-4AEC-87B5-75BCB770C3CC}.Release|x86.Build.0 = Release|Any CPU
		{819032E2-7186-46D4-8EAF-9CE987F5AE7F}.Debug|Any CPU.ActiveCfg = Debug|Any CPU
		{819032E2-7186-46D4-8EAF-9CE987F5AE7F}.Debug|Any CPU.Build.0 = Debug|Any CPU
		{819032E2-7186-46D4-8EAF-9CE987F5AE7F}.Debug|x64.ActiveCfg = Debug|x64
		{819032E2-7186-46D4-8EAF-9CE987F5AE7F}.Debug|x64.Build.0 = Debug|x64
		{819032E2-7186-46D4-8EAF-9CE987F5AE7F}.Debug|x86.ActiveCfg = Debug|Any CPU
		{819032E2-7186-46D4-8EAF-9CE987F5AE7F}.Debug|x86.Build.0 = Debug|Any CPU
		{819032E2-7186-46D4-8EAF-9CE987F5AE7F}.Release|Any CPU.ActiveCfg = Release|Any CPU
		{819032E2-7186-46D4-8EAF-9CE987F5AE7F}.Release|Any CPU.Build.0 = Release|Any CPU
		{819032E2-7186-46D4-8EAF-9CE987F5AE7F}.Release|x64.ActiveCfg = Release|x64
		{819032E2-7186-46D4-8EAF-9CE987F5AE7F}.Release|x64.Build.0 = Release|x64
		{819032E2-7186-46D4-8EAF-9CE987F5AE7F}.Release|x86.ActiveCfg = Release|Any CPU
		{819032E2-7186-46D4-8EAF-9CE987F5AE7F}.Release|x86.Build.0 = Release|Any CPU
		{045C6AF8-1408-456D-BEB5-3C35E8E3740C}.Debug|Any CPU.ActiveCfg = Debug|Any CPU
		{045C6AF8-1408-456D-BEB5-3C35E8E3740C}.Debug|Any CPU.Build.0 = Debug|Any CPU
		{045C6AF8-1408-456D-BEB5-3C35E8E3740C}.Debug|x64.ActiveCfg = Debug|x64
		{045C6AF8-1408-456D-BEB5-3C35E8E3740C}.Debug|x64.Build.0 = Debug|x64
		{045C6AF8-1408-456D-BEB5-3C35E8E3740C}.Debug|x86.ActiveCfg = Debug|Any CPU
		{045C6AF8-1408-456D-BEB5-3C35E8E3740C}.Debug|x86.Build.0 = Debug|Any CPU
		{045C6AF8-1408-456D-BEB5-3C35E8E3740C}.Release|Any CPU.ActiveCfg = Release|Any CPU
		{045C6AF8-1408-456D-BEB5-3C35E8E3740C}.Release|Any CPU.Build.0 = Release|Any CPU
		{045C6AF8-1408-456D-BEB5-3C35E8E3740C}.Release|x64.ActiveCfg = Release|x64
		{045C6AF8-1408-456D-BEB5-3C35E8E3740C}.Release|x64.Build.0 = Release|x64
		{045C6AF8-1408-456D-BEB5-3C35E8E3740C}.Release|x86.ActiveCfg = Release|Any CPU
		{045C6AF8-1408-456D-BEB5-3C35E8E3740C}.Release|x86.Build.0 = Release|Any CPU
		{BCA62F48-0629-45D5-BA55-3B249D9AF58D}.Debug|Any CPU.ActiveCfg = Debug|Any CPU
		{BCA62F48-0629-45D5-BA55-3B249D9AF58D}.Debug|Any CPU.Build.0 = Debug|Any CPU
		{BCA62F48-0629-45D5-BA55-3B249D9AF58D}.Debug|x64.ActiveCfg = Debug|x64
		{BCA62F48-0629-45D5-BA55-3B249D9AF58D}.Debug|x64.Build.0 = Debug|x64
		{BCA62F48-0629-45D5-BA55-3B249D9AF58D}.Debug|x86.ActiveCfg = Debug|Any CPU
		{BCA62F48-0629-45D5-BA55-3B249D9AF58D}.Debug|x86.Build.0 = Debug|Any CPU
		{BCA62F48-0629-45D5-BA55-3B249D9AF58D}.Release|Any CPU.ActiveCfg = Release|Any CPU
		{BCA62F48-0629-45D5-BA55-3B249D9AF58D}.Release|Any CPU.Build.0 = Release|Any CPU
		{BCA62F48-0629-45D5-BA55-3B249D9AF58D}.Release|x64.ActiveCfg = Release|x64
		{BCA62F48-0629-45D5-BA55-3B249D9AF58D}.Release|x64.Build.0 = Release|x64
		{BCA62F48-0629-45D5-BA55-3B249D9AF58D}.Release|x86.ActiveCfg = Release|Any CPU
		{BCA62F48-0629-45D5-BA55-3B249D9AF58D}.Release|x86.Build.0 = Release|Any CPU
		{8AA57CC5-4A7A-4789-8DB7-A73B98E76B71}.Debug|Any CPU.ActiveCfg = Debug|Any CPU
		{8AA57CC5-4A7A-4789-8DB7-A73B98E76B71}.Debug|Any CPU.Build.0 = Debug|Any CPU
		{8AA57CC5-4A7A-4789-8DB7-A73B98E76B71}.Debug|x64.ActiveCfg = Debug|x64
		{8AA57CC5-4A7A-4789-8DB7-A73B98E76B71}.Debug|x64.Build.0 = Debug|x64
		{8AA57CC5-4A7A-4789-8DB7-A73B98E76B71}.Debug|x86.ActiveCfg = Debug|Any CPU
		{8AA57CC5-4A7A-4789-8DB7-A73B98E76B71}.Debug|x86.Build.0 = Debug|Any CPU
		{8AA57CC5-4A7A-4789-8DB7-A73B98E76B71}.Release|Any CPU.ActiveCfg = Release|Any CPU
		{8AA57CC5-4A7A-4789-8DB7-A73B98E76B71}.Release|Any CPU.Build.0 = Release|Any CPU
		{8AA57CC5-4A7A-4789-8DB7-A73B98E76B71}.Release|x64.ActiveCfg = Release|x64
		{8AA57CC5-4A7A-4789-8DB7-A73B98E76B71}.Release|x64.Build.0 = Release|x64
		{8AA57CC5-4A7A-4789-8DB7-A73B98E76B71}.Release|x86.ActiveCfg = Release|Any CPU
		{8AA57CC5-4A7A-4789-8DB7-A73B98E76B71}.Release|x86.Build.0 = Release|Any CPU
		{E7EB5D06-0258-4598-8C01-F75B83F864F9}.Debug|Any CPU.ActiveCfg = Debug|Any CPU
		{E7EB5D06-0258-4598-8C01-F75B83F864F9}.Debug|Any CPU.Build.0 = Debug|Any CPU
		{E7EB5D06-0258-4598-8C01-F75B83F864F9}.Debug|x64.ActiveCfg = Debug|x64
		{E7EB5D06-0258-4598-8C01-F75B83F864F9}.Debug|x64.Build.0 = Debug|x64
		{E7EB5D06-0258-4598-8C01-F75B83F864F9}.Debug|x86.ActiveCfg = Debug|Any CPU
		{E7EB5D06-0258-4598-8C01-F75B83F864F9}.Debug|x86.Build.0 = Debug|Any CPU
		{E7EB5D06-0258-4598-8C01-F75B83F864F9}.Release|Any CPU.ActiveCfg = Release|Any CPU
		{E7EB5D06-0258-4598-8C01-F75B83F864F9}.Release|Any CPU.Build.0 = Release|Any CPU
		{E7EB5D06-0258-4598-8C01-F75B83F864F9}.Release|x64.ActiveCfg = Release|x64
		{E7EB5D06-0258-4598-8C01-F75B83F864F9}.Release|x64.Build.0 = Release|x64
		{E7EB5D06-0258-4598-8C01-F75B83F864F9}.Release|x86.ActiveCfg = Release|Any CPU
		{E7EB5D06-0258-4598-8C01-F75B83F864F9}.Release|x86.Build.0 = Release|Any CPU
		{8F6D344A-90C0-4891-B8C9-5BC270DBB226}.Debug|Any CPU.ActiveCfg = Debug|Any CPU
		{8F6D344A-90C0-4891-B8C9-5BC270DBB226}.Debug|Any CPU.Build.0 = Debug|Any CPU
		{8F6D344A-90C0-4891-B8C9-5BC270DBB226}.Debug|x64.ActiveCfg = Debug|Any CPU
		{8F6D344A-90C0-4891-B8C9-5BC270DBB226}.Debug|x64.Build.0 = Debug|Any CPU
		{8F6D344A-90C0-4891-B8C9-5BC270DBB226}.Debug|x86.ActiveCfg = Debug|Any CPU
		{8F6D344A-90C0-4891-B8C9-5BC270DBB226}.Debug|x86.Build.0 = Debug|Any CPU
		{8F6D344A-90C0-4891-B8C9-5BC270DBB226}.Release|Any CPU.ActiveCfg = Release|Any CPU
		{8F6D344A-90C0-4891-B8C9-5BC270DBB226}.Release|Any CPU.Build.0 = Release|Any CPU
		{8F6D344A-90C0-4891-B8C9-5BC270DBB226}.Release|x64.ActiveCfg = Release|Any CPU
		{8F6D344A-90C0-4891-B8C9-5BC270DBB226}.Release|x64.Build.0 = Release|Any CPU
		{8F6D344A-90C0-4891-B8C9-5BC270DBB226}.Release|x86.ActiveCfg = Release|Any CPU
		{8F6D344A-90C0-4891-B8C9-5BC270DBB226}.Release|x86.Build.0 = Release|Any CPU
		{D94E7D13-0148-4991-B0EE-1CC9DE4414EA}.Debug|Any CPU.ActiveCfg = Debug|Any CPU
		{D94E7D13-0148-4991-B0EE-1CC9DE4414EA}.Debug|Any CPU.Build.0 = Debug|Any CPU
		{D94E7D13-0148-4991-B0EE-1CC9DE4414EA}.Debug|x64.ActiveCfg = Debug|Any CPU
		{D94E7D13-0148-4991-B0EE-1CC9DE4414EA}.Debug|x64.Build.0 = Debug|Any CPU
		{D94E7D13-0148-4991-B0EE-1CC9DE4414EA}.Debug|x86.ActiveCfg = Debug|Any CPU
		{D94E7D13-0148-4991-B0EE-1CC9DE4414EA}.Debug|x86.Build.0 = Debug|Any CPU
		{D94E7D13-0148-4991-B0EE-1CC9DE4414EA}.Release|Any CPU.ActiveCfg = Release|Any CPU
		{D94E7D13-0148-4991-B0EE-1CC9DE4414EA}.Release|Any CPU.Build.0 = Release|Any CPU
		{D94E7D13-0148-4991-B0EE-1CC9DE4414EA}.Release|x64.ActiveCfg = Release|Any CPU
		{D94E7D13-0148-4991-B0EE-1CC9DE4414EA}.Release|x64.Build.0 = Release|Any CPU
		{D94E7D13-0148-4991-B0EE-1CC9DE4414EA}.Release|x86.ActiveCfg = Release|Any CPU
		{D94E7D13-0148-4991-B0EE-1CC9DE4414EA}.Release|x86.Build.0 = Release|Any CPU
		{1B2C2572-FAC5-49A3-8893-6B4593E61E68}.Debug|Any CPU.ActiveCfg = Debug|Any CPU
		{1B2C2572-FAC5-49A3-8893-6B4593E61E68}.Debug|Any CPU.Build.0 = Debug|Any CPU
		{1B2C2572-FAC5-49A3-8893-6B4593E61E68}.Debug|x64.ActiveCfg = Debug|Any CPU
		{1B2C2572-FAC5-49A3-8893-6B4593E61E68}.Debug|x64.Build.0 = Debug|Any CPU
		{1B2C2572-FAC5-49A3-8893-6B4593E61E68}.Debug|x86.ActiveCfg = Debug|Any CPU
		{1B2C2572-FAC5-49A3-8893-6B4593E61E68}.Debug|x86.Build.0 = Debug|Any CPU
		{1B2C2572-FAC5-49A3-8893-6B4593E61E68}.Release|Any CPU.ActiveCfg = Release|Any CPU
		{1B2C2572-FAC5-49A3-8893-6B4593E61E68}.Release|Any CPU.Build.0 = Release|Any CPU
		{1B2C2572-FAC5-49A3-8893-6B4593E61E68}.Release|x64.ActiveCfg = Release|Any CPU
		{1B2C2572-FAC5-49A3-8893-6B4593E61E68}.Release|x64.Build.0 = Release|Any CPU
		{1B2C2572-FAC5-49A3-8893-6B4593E61E68}.Release|x86.ActiveCfg = Release|Any CPU
		{1B2C2572-FAC5-49A3-8893-6B4593E61E68}.Release|x86.Build.0 = Release|Any CPU
		{EAA2508A-593C-4FB6-8397-062DA33EE217}.Debug|Any CPU.ActiveCfg = Debug|Any CPU
		{EAA2508A-593C-4FB6-8397-062DA33EE217}.Debug|Any CPU.Build.0 = Debug|Any CPU
		{EAA2508A-593C-4FB6-8397-062DA33EE217}.Debug|x64.ActiveCfg = Debug|Any CPU
		{EAA2508A-593C-4FB6-8397-062DA33EE217}.Debug|x64.Build.0 = Debug|Any CPU
		{EAA2508A-593C-4FB6-8397-062DA33EE217}.Debug|x86.ActiveCfg = Debug|Any CPU
		{EAA2508A-593C-4FB6-8397-062DA33EE217}.Debug|x86.Build.0 = Debug|Any CPU
		{EAA2508A-593C-4FB6-8397-062DA33EE217}.Release|Any CPU.ActiveCfg = Release|Any CPU
		{EAA2508A-593C-4FB6-8397-062DA33EE217}.Release|Any CPU.Build.0 = Release|Any CPU
		{EAA2508A-593C-4FB6-8397-062DA33EE217}.Release|x64.ActiveCfg = Release|Any CPU
		{EAA2508A-593C-4FB6-8397-062DA33EE217}.Release|x64.Build.0 = Release|Any CPU
		{EAA2508A-593C-4FB6-8397-062DA33EE217}.Release|x86.ActiveCfg = Release|Any CPU
		{EAA2508A-593C-4FB6-8397-062DA33EE217}.Release|x86.Build.0 = Release|Any CPU
	EndGlobalSection
	GlobalSection(SolutionProperties) = preSolution
		HideSolutionNode = FALSE
	EndGlobalSection
	GlobalSection(NestedProjects) = preSolution
		{17AD5D61-4E53-4F6B-81CA-6C206631AFD0} = {C824B5C6-786E-4078-9230-6A3E6B3F16CC}
		{A4C3E950-D79B-4740-8F1B-558D66856C9E} = {C824B5C6-786E-4078-9230-6A3E6B3F16CC}
		{228B01CC-0F58-424F-AF82-06FDF122F401} = {1465D7EA-97AC-406F-A2EF-B749575BAD23}
		{3474A9E6-E0BD-4D39-AAD1-795198DD4692} = {1C22D2E4-F949-4506-90C5-AD532A495917}
		{B74DB02E-ED4D-4FD2-9011-8262F560DB59} = {1465D7EA-97AC-406F-A2EF-B749575BAD23}
		{D469DFD4-A6BC-45E2-A3BB-D98BD6F09FCF} = {1C22D2E4-F949-4506-90C5-AD532A495917}
		{DE097E2B-9D86-4739-B336-C126B215A755} = {A4631287-1BCA-4207-8D85-04DE6454EAA1}
		{7804E00C-F07B-4F36-94F7-DC41A52AC21A} = {C824B5C6-786E-4078-9230-6A3E6B3F16CC}
		{9518E812-F5CE-4A8A-BFDC-1E850FEB6845} = {1465D7EA-97AC-406F-A2EF-B749575BAD23}
		{AEBFEDB7-0836-4E95-B9C9-13E9DFED9507} = {1C22D2E4-F949-4506-90C5-AD532A495917}
		{339D00BC-0FE4-47D6-8F60-E255F7E8BF3F} = {1C22D2E4-F949-4506-90C5-AD532A495917}
		{822FDFE8-E6DC-4CFD-BB19-C5688E3CB953} = {1C22D2E4-F949-4506-90C5-AD532A495917}
		{54727EC0-FD00-4C9F-9C2A-4E65A02BE211} = {1C22D2E4-F949-4506-90C5-AD532A495917}
		{C692A977-3C93-4F62-BF7F-4D9DCFCCA578} = {1C22D2E4-F949-4506-90C5-AD532A495917}
		{E274AB19-D9BF-4819-AAF3-0999533CAB1B} = {1C22D2E4-F949-4506-90C5-AD532A495917}
		{5C45FEF5-470C-4696-B328-F884DACE518E} = {1C22D2E4-F949-4506-90C5-AD532A495917}
		{5E6106D9-9E94-4AEC-87B5-75BCB770C3CC} = {1C22D2E4-F949-4506-90C5-AD532A495917}
		{819032E2-7186-46D4-8EAF-9CE987F5AE7F} = {1C22D2E4-F949-4506-90C5-AD532A495917}
		{045C6AF8-1408-456D-BEB5-3C35E8E3740C} = {1C22D2E4-F949-4506-90C5-AD532A495917}
		{BCA62F48-0629-45D5-BA55-3B249D9AF58D} = {1C22D2E4-F949-4506-90C5-AD532A495917}
		{8AA57CC5-4A7A-4789-8DB7-A73B98E76B71} = {1C22D2E4-F949-4506-90C5-AD532A495917}
		{E7EB5D06-0258-4598-8C01-F75B83F864F9} = {1C22D2E4-F949-4506-90C5-AD532A495917}
		{8F6D344A-90C0-4891-B8C9-5BC270DBB226} = {A4631287-1BCA-4207-8D85-04DE6454EAA1}
		{D94E7D13-0148-4991-B0EE-1CC9DE4414EA} = {A4631287-1BCA-4207-8D85-04DE6454EAA1}
		{1B2C2572-FAC5-49A3-8893-6B4593E61E68} = {A4631287-1BCA-4207-8D85-04DE6454EAA1}
	EndGlobalSection
	GlobalSection(ExtensibilityGlobals) = postSolution
		SolutionGuid = {5C455728-0260-4FAE-BF59-81ABFA53EA28}
	EndGlobalSection
EndGlobal
