
Microsoft Visual Studio Solution File, Format Version 12.00
# Visual Studio 15
VisualStudioVersion = 15.0.28307.1525
MinimumVisualStudioVersion = 10.0.40219.1
Project("{FAE04EC0-301F-11D3-BF4B-00C04F79EFBC}") = "Testing Grounds", "Testing Grounds\Testing Grounds.csproj", "{95EC4D25-A019-4EC4-9C9F-2DAD82F830D1}"
EndProject
Project("{FAE04EC0-301F-11D3-BF4B-00C04F79EFBC}") = "Joonaxii.IO", "Joonaxii.IO\Joonaxii.IO.csproj", "{5BCC1979-54D1-4C35-B402-9520C1734766}"
EndProject
Project("{FAE04EC0-301F-11D3-BF4B-00C04F79EFBC}") = "Joonaxii.Debugging", "Joonaxii.Debugging\Joonaxii.Debugging.csproj", "{17AD5D61-4E53-4F6B-81CA-6C206631AFD0}"
EndProject
Project("{FAE04EC0-301F-11D3-BF4B-00C04F79EFBC}") = "Joonaxii.Collections", "Joonaxii.Collections\Joonaxii.Collections.csproj", "{68986E7F-1281-485B-941E-FB1D69CC8427}"
EndProject
Project("{FAE04EC0-301F-11D3-BF4B-00C04F79EFBC}") = "Joonaxii.Pooling", "Joonaxii.Pooling\Joonaxii.Pooling.csproj", "{5D936D6E-23EC-4234-BEB3-EBBA8D7E04E8}"
EndProject
Project("{FAE04EC0-301F-11D3-BF4B-00C04F79EFBC}") = "Joonaxii.Text", "Joonaxii.Text\Joonaxii.Text.csproj", "{1ED14790-24F4-4BA0-BF59-FAA78669A687}"
EndProject
Project("{FAE04EC0-301F-11D3-BF4B-00C04F79EFBC}") = "Joonaxii.Text.Compression", "Joonaxii.Text.Compression\Joonaxii.Text.Compression.csproj", "{AFE98590-27F0-4467-80CB-F00C87DC239A}"
EndProject
Project("{FAE04EC0-301F-11D3-BF4B-00C04F79EFBC}") = "Joonaxii.Steganography", "Joonaxii.Steganography\Joonaxii.Steganography.csproj", "{A4C3E950-D79B-4740-8F1B-558D66856C9E}"
EndProject
Global
	GlobalSection(SolutionConfigurationPlatforms) = preSolution
		Debug|Any CPU = Debug|Any CPU
		Release|Any CPU = Release|Any CPU
	EndGlobalSection
	GlobalSection(ProjectConfigurationPlatforms) = postSolution
		{95EC4D25-A019-4EC4-9C9F-2DAD82F830D1}.Debug|Any CPU.ActiveCfg = Debug|Any CPU
		{95EC4D25-A019-4EC4-9C9F-2DAD82F830D1}.Debug|Any CPU.Build.0 = Debug|Any CPU
		{95EC4D25-A019-4EC4-9C9F-2DAD82F830D1}.Release|Any CPU.ActiveCfg = Release|Any CPU
		{95EC4D25-A019-4EC4-9C9F-2DAD82F830D1}.Release|Any CPU.Build.0 = Release|Any CPU
		{5BCC1979-54D1-4C35-B402-9520C1734766}.Debug|Any CPU.ActiveCfg = Debug|Any CPU
		{5BCC1979-54D1-4C35-B402-9520C1734766}.Debug|Any CPU.Build.0 = Debug|Any CPU
		{5BCC1979-54D1-4C35-B402-9520C1734766}.Release|Any CPU.ActiveCfg = Release|Any CPU
		{5BCC1979-54D1-4C35-B402-9520C1734766}.Release|Any CPU.Build.0 = Release|Any CPU
		{17AD5D61-4E53-4F6B-81CA-6C206631AFD0}.Debug|Any CPU.ActiveCfg = Debug|Any CPU
		{17AD5D61-4E53-4F6B-81CA-6C206631AFD0}.Debug|Any CPU.Build.0 = Debug|Any CPU
		{17AD5D61-4E53-4F6B-81CA-6C206631AFD0}.Release|Any CPU.ActiveCfg = Release|Any CPU
		{17AD5D61-4E53-4F6B-81CA-6C206631AFD0}.Release|Any CPU.Build.0 = Release|Any CPU
		{68986E7F-1281-485B-941E-FB1D69CC8427}.Debug|Any CPU.ActiveCfg = Debug|Any CPU
		{68986E7F-1281-485B-941E-FB1D69CC8427}.Debug|Any CPU.Build.0 = Debug|Any CPU
		{68986E7F-1281-485B-941E-FB1D69CC8427}.Release|Any CPU.ActiveCfg = Release|Any CPU
		{68986E7F-1281-485B-941E-FB1D69CC8427}.Release|Any CPU.Build.0 = Release|Any CPU
		{5D936D6E-23EC-4234-BEB3-EBBA8D7E04E8}.Debug|Any CPU.ActiveCfg = Debug|Any CPU
		{5D936D6E-23EC-4234-BEB3-EBBA8D7E04E8}.Debug|Any CPU.Build.0 = Debug|Any CPU
		{5D936D6E-23EC-4234-BEB3-EBBA8D7E04E8}.Release|Any CPU.ActiveCfg = Release|Any CPU
		{5D936D6E-23EC-4234-BEB3-EBBA8D7E04E8}.Release|Any CPU.Build.0 = Release|Any CPU
		{1ED14790-24F4-4BA0-BF59-FAA78669A687}.Debug|Any CPU.ActiveCfg = Debug|Any CPU
		{1ED14790-24F4-4BA0-BF59-FAA78669A687}.Debug|Any CPU.Build.0 = Debug|Any CPU
		{1ED14790-24F4-4BA0-BF59-FAA78669A687}.Release|Any CPU.ActiveCfg = Release|Any CPU
		{1ED14790-24F4-4BA0-BF59-FAA78669A687}.Release|Any CPU.Build.0 = Release|Any CPU
		{AFE98590-27F0-4467-80CB-F00C87DC239A}.Debug|Any CPU.ActiveCfg = Debug|Any CPU
		{AFE98590-27F0-4467-80CB-F00C87DC239A}.Debug|Any CPU.Build.0 = Debug|Any CPU
		{AFE98590-27F0-4467-80CB-F00C87DC239A}.Release|Any CPU.ActiveCfg = Release|Any CPU
		{AFE98590-27F0-4467-80CB-F00C87DC239A}.Release|Any CPU.Build.0 = Release|Any CPU
		{A4C3E950-D79B-4740-8F1B-558D66856C9E}.Debug|Any CPU.ActiveCfg = Debug|Any CPU
		{A4C3E950-D79B-4740-8F1B-558D66856C9E}.Debug|Any CPU.Build.0 = Debug|Any CPU
		{A4C3E950-D79B-4740-8F1B-558D66856C9E}.Release|Any CPU.ActiveCfg = Release|Any CPU
		{A4C3E950-D79B-4740-8F1B-558D66856C9E}.Release|Any CPU.Build.0 = Release|Any CPU
	EndGlobalSection
	GlobalSection(SolutionProperties) = preSolution
		HideSolutionNode = FALSE
	EndGlobalSection
	GlobalSection(ExtensibilityGlobals) = postSolution
		SolutionGuid = {5C455728-0260-4FAE-BF59-81ABFA53EA28}
	EndGlobalSection
EndGlobal
